{
  "version": 4,
  "terraform_version": "1.1.3",
  "serial": 243,
  "lineage": "776a103f-a823-700a-095d-b6a171726f9c",
  "outputs": {
    "base_url": {
      "value": "https://rrm2mfpdla.execute-api.us-east-1.amazonaws.com/Prod",
      "type": "string"
    }
  },
  "resources": [
    {
      "mode": "managed",
      "type": "aws_api_gateway_deployment",
      "name": "apideploy",
      "provider": "provider[\"registry.terraform.io/hashicorp/aws\"]",
      "instances": [
        {
          "schema_version": 0,
          "attributes": {
            "created_date": "2022-03-12T19:36:55Z",
            "description": "",
            "execution_arn": "arn:aws:execute-api:us-east-1:659463182065:rrm2mfpdla/Prod",
            "id": "a4inw1",
            "invoke_url": "https://rrm2mfpdla.execute-api.us-east-1.amazonaws.com/Prod",
            "rest_api_id": "rrm2mfpdla",
            "stage_description": null,
            "stage_name": "Prod",
            "triggers": null,
            "variables": null
          },
          "sensitive_attributes": [],
          "private": "bnVsbA==",
          "dependencies": [
            "aws_api_gateway_method.proxy_root",
            "aws_api_gateway_resource.ReadResource",
            "aws_api_gateway_rest_api.apiLambda",
            "aws_iam_role.readRole",
            "aws_lambda_function.lambda_function",
            "aws_api_gateway_integration.lambda_root",
            "aws_api_gateway_integration.readInt",
            "aws_api_gateway_method.MyDemoMethod"
          ]
        }
      ]
    },
    {
      "mode": "managed",
      "type": "aws_api_gateway_integration",
      "name": "lambda_root",
      "provider": "provider[\"registry.terraform.io/hashicorp/aws\"]",
      "instances": [
        {
          "schema_version": 0,
          "attributes": {
            "cache_key_parameters": null,
            "cache_namespace": "f01brlyq0l",
            "connection_id": "",
            "connection_type": "INTERNET",
            "content_handling": "",
            "credentials": "",
            "http_method": "ANY",
            "id": "agi-rrm2mfpdla-f01brlyq0l-ANY",
            "integration_http_method": "POST",
            "passthrough_behavior": "WHEN_NO_MATCH",
            "request_parameters": null,
            "request_templates": null,
            "resource_id": "f01brlyq0l",
            "rest_api_id": "rrm2mfpdla",
            "timeout_milliseconds": 29000,
            "tls_config": [],
            "type": "AWS_PROXY",
            "uri": "arn:aws:apigateway:us-east-1:lambda:path/2015-03-31/functions/arn:aws:lambda:us-east-1:659463182065:function:lambda_function/invocations"
          },
          "sensitive_attributes": [],
          "private": "bnVsbA==",
          "dependencies": [
            "aws_api_gateway_method.proxy_root",
            "aws_api_gateway_rest_api.apiLambda",
            "aws_lambda_function.lambda_function"
          ]
        }
      ]
    },
    {
      "mode": "managed",
      "type": "aws_api_gateway_integration",
      "name": "readInt",
      "provider": "provider[\"registry.terraform.io/hashicorp/aws\"]",
      "instances": [
        {
          "schema_version": 0,
          "attributes": {
            "cache_key_parameters": null,
            "cache_namespace": "7xgurm",
            "connection_id": "",
            "connection_type": "INTERNET",
            "content_handling": "",
            "credentials": "",
            "http_method": "ANY",
            "id": "agi-rrm2mfpdla-7xgurm-ANY",
            "integration_http_method": "POST",
            "passthrough_behavior": "WHEN_NO_MATCH",
            "request_parameters": null,
            "request_templates": null,
            "resource_id": "7xgurm",
            "rest_api_id": "rrm2mfpdla",
            "timeout_milliseconds": 29000,
            "tls_config": [],
            "type": "AWS_PROXY",
            "uri": "arn:aws:apigateway:us-east-1:lambda:path/2015-03-31/functions/arn:aws:lambda:us-east-1:659463182065:function:lambda_function/invocations"
          },
          "sensitive_attributes": [],
          "private": "bnVsbA==",
          "dependencies": [
            "aws_api_gateway_method.MyDemoMethod",
            "aws_api_gateway_resource.ReadResource",
            "aws_api_gateway_rest_api.apiLambda",
            "aws_lambda_function.lambda_function"
          ]
        }
      ]
    },
    {
      "mode": "managed",
      "type": "aws_api_gateway_method",
      "name": "MyDemoMethod",
      "provider": "provider[\"registry.terraform.io/hashicorp/aws\"]",
      "instances": [
        {
          "schema_version": 0,
          "attributes": {
            "api_key_required": false,
            "authorization": "NONE",
            "authorization_scopes": null,
            "authorizer_id": null,
            "http_method": "ANY",
            "id": "agm-rrm2mfpdla-7xgurm-ANY",
            "operation_name": null,
            "request_models": null,
            "request_parameters": null,
            "request_validator_id": null,
            "resource_id": "7xgurm",
            "rest_api_id": "rrm2mfpdla"
          },
          "sensitive_attributes": [],
          "private": "bnVsbA==",
          "dependencies": [
            "aws_api_gateway_resource.ReadResource",
            "aws_api_gateway_rest_api.apiLambda"
          ]
        }
      ]
    },
    {
      "mode": "managed",
      "type": "aws_api_gateway_method",
      "name": "proxy_root",
      "provider": "provider[\"registry.terraform.io/hashicorp/aws\"]",
      "instances": [
        {
          "schema_version": 0,
          "attributes": {
            "api_key_required": false,
            "authorization": "NONE",
            "authorization_scopes": null,
            "authorizer_id": null,
            "http_method": "ANY",
            "id": "agm-rrm2mfpdla-f01brlyq0l-ANY",
            "operation_name": null,
            "request_models": null,
            "request_parameters": null,
            "request_validator_id": null,
            "resource_id": "f01brlyq0l",
            "rest_api_id": "rrm2mfpdla"
          },
          "sensitive_attributes": [],
          "private": "bnVsbA==",
          "dependencies": [
            "aws_api_gateway_rest_api.apiLambda"
          ]
        }
      ]
    },
    {
      "mode": "managed",
      "type": "aws_api_gateway_resource",
      "name": "ReadResource",
      "provider": "provider[\"registry.terraform.io/hashicorp/aws\"]",
      "instances": [
        {
          "schema_version": 0,
          "attributes": {
            "id": "7xgurm",
            "parent_id": "f01brlyq0l",
            "path": "/{proxy+}",
            "path_part": "{proxy+}",
            "rest_api_id": "rrm2mfpdla"
          },
          "sensitive_attributes": [],
          "private": "bnVsbA==",
          "dependencies": [
            "aws_api_gateway_rest_api.apiLambda"
          ]
        }
      ]
    },
    {
      "mode": "managed",
      "type": "aws_api_gateway_rest_api",
      "name": "apiLambda",
      "provider": "provider[\"registry.terraform.io/hashicorp/aws\"]",
      "instances": [
        {
          "schema_version": 0,
          "attributes": {
            "api_key_source": "HEADER",
            "arn": "arn:aws:apigateway:us-east-1::/restapis/rrm2mfpdla",
            "binary_media_types": [],
            "body": null,
            "created_date": "2022-03-12T19:33:32Z",
            "description": "my first gateway api",
            "disable_execute_api_endpoint": false,
            "endpoint_configuration": [
              {
                "types": [
                  "EDGE"
                ],
                "vpc_endpoint_ids": []
              }
            ],
            "execution_arn": "arn:aws:execute-api:us-east-1:659463182065:rrm2mfpdla",
            "id": "rrm2mfpdla",
            "minimum_compression_size": -1,
            "name": "apiLambda",
            "parameters": null,
            "policy": "",
            "root_resource_id": "f01brlyq0l",
            "tags": {},
            "tags_all": {}
          },
          "sensitive_attributes": [],
          "private": "bnVsbA=="
        }
      ]
    },
    {
      "mode": "managed",
      "type": "aws_dynamodb_table",
      "name": "example",
      "provider": "provider[\"registry.terraform.io/hashicorp/aws\"]",
      "instances": [
        {
          "schema_version": 1,
          "attributes": {
            "arn": "arn:aws:dynamodb:us-east-1:659463182065:table/EmployeeTable",
            "attribute": [
              {
                "name": "EmpID",
                "type": "S"
              }
            ],
            "billing_mode": "PAY_PER_REQUEST",
            "global_secondary_index": [],
            "hash_key": "EmpID",
            "id": "EmployeeTable",
            "local_secondary_index": [],
            "name": "EmployeeTable",
            "point_in_time_recovery": [
              {
                "enabled": false
              }
            ],
            "range_key": null,
            "read_capacity": 0,
            "replica": [],
            "restore_date_time": null,
            "restore_source_name": null,
            "restore_to_latest_time": null,
            "server_side_encryption": [],
            "stream_arn": "arn:aws:dynamodb:us-east-1:659463182065:table/EmployeeTable/stream/2022-03-12T19:33:32.161",
            "stream_enabled": true,
            "stream_label": "2022-03-12T19:33:32.161",
            "stream_view_type": "NEW_AND_OLD_IMAGES",
            "table_class": "",
            "tags": {},
            "tags_all": {},
            "timeouts": null,
            "ttl": [
              {
                "attribute_name": "",
                "enabled": false
              }
            ],
            "write_capacity": 0
          },
          "sensitive_attributes": [],
          "private": "eyJlMmJmYjczMC1lY2FhLTExZTYtOGY4OC0zNDM2M2JjN2M0YzAiOnsiY3JlYXRlIjoxODAwMDAwMDAwMDAwLCJkZWxldGUiOjYwMDAwMDAwMDAwMCwidXBkYXRlIjozNjAwMDAwMDAwMDAwfSwic2NoZW1hX3ZlcnNpb24iOiIxIn0="
        }
      ]
    },
    {
      "mode": "managed",
      "type": "aws_dynamodb_table_item",
      "name": "example",
      "provider": "provider[\"registry.terraform.io/hashicorp/aws\"]",
      "instances": [
        {
          "schema_version": 0,
          "attributes": {
            "hash_key": "EmpID",
            "id": "EmployeeTable|EmpID||001|",
            "item": "    {\n  \"EmpID\": {\"S\": \"001\"},\n  \"EmpFirst\": {\"S\": \"Mansoor\"},\n  \"EmpLast\": {\"S\": \"Mohebi\"}\n}\n",
            "range_key": null,
            "table_name": "EmployeeTable"
          },
          "sensitive_attributes": [],
          "private": "bnVsbA==",
          "dependencies": [
            "aws_dynamodb_table.example"
          ]
        }
      ]
    },
    {
      "mode": "managed",
      "type": "aws_iam_role",
      "name": "readRole",
      "provider": "provider[\"registry.terraform.io/hashicorp/aws\"]",
      "instances": [
        {
          "schema_version": 0,
          "attributes": {
            "arn": "arn:aws:iam::659463182065:role/myReadRole",
            "assume_role_policy": "{\"Version\":\"2012-10-17\",\"Statement\":[{\"Effect\":\"Allow\",\"Principal\":{\"Service\":\"lambda.amazonaws.com\"},\"Action\":\"sts:AssumeRole\"}]}",
            "create_date": "2022-03-12T19:33:32Z",
            "description": "",
            "force_detach_policies": false,
            "id": "myReadRole",
            "inline_policy": [
              {
                "name": "lambda_read_policy",
                "policy": "{\n  \"Version\": \"2012-10-17\",\n  \"Statement\": [\n      {\n          \"Action\": [\n              \"application-autoscaling:DescribeScalableTargets\",\n              \"application-autoscaling:DescribeScalingActivities\",\n              \"application-autoscaling:DescribeScalingPolicies\",\n              \"cloudwatch:DescribeAlarmHistory\",\n              \"cloudwatch:DescribeAlarms\",\n              \"cloudwatch:DescribeAlarmsForMetric\",\n              \"cloudwatch:GetMetricStatistics\",\n              \"cloudwatch:ListMetrics\",\n              \"cloudwatch:GetMetricData\",\n              \"datapipeline:DescribeObjects\",\n              \"datapipeline:DescribePipelines\",\n              \"datapipeline:GetPipelineDefinition\",\n              \"datapipeline:ListPipelines\",\n              \"datapipeline:QueryObjects\",\n              \"dynamodb:BatchGetItem\",\n              \"dynamodb:Describe*\",\n              \"dynamodb:List*\",\n              \"dynamodb:GetItem\",\n              \"dynamodb:Query\",\n              \"dynamodb:Scan\",\n              \"dynamodb:PartiQLSelect\",\n              \"dax:Describe*\",\n              \"dax:List*\",\n              \"dax:GetItem\",\n              \"dax:BatchGetItem\",\n              \"dax:Query\",\n              \"dax:Scan\",\n              \"ec2:DescribeVpcs\",\n              \"ec2:DescribeSubnets\",\n              \"ec2:DescribeSecurityGroups\",\n              \"iam:GetRole\",\n              \"iam:ListRoles\",\n              \"kms:DescribeKey\",\n              \"kms:ListAliases\",\n              \"sns:ListSubscriptionsByTopic\",\n              \"sns:ListTopics\",\n              \"lambda:ListFunctions\",\n              \"lambda:ListEventSourceMappings\",\n              \"lambda:GetFunctionConfiguration\",\n              \"resource-groups:ListGroups\",\n              \"resource-groups:ListGroupResources\",\n              \"resource-groups:GetGroup\",\n              \"resource-groups:GetGroupQuery\",\n              \"tag:GetResources\",\n              \"kinesis:ListStreams\",\n              \"kinesis:DescribeStream\",\n              \"kinesis:DescribeStreamSummary\"\n          ],\n          \"Effect\": \"Allow\",\n          \"Resource\": \"*\"\n      },\n      {\n          \"Action\": \"cloudwatch:GetInsightRuleReport\",\n          \"Effect\": \"Allow\",\n          \"Resource\": \"arn:aws:cloudwatch:*:*:insight-rule/DynamoDBContributorInsights*\"\n      }\n  ]\n}"
              }
            ],
            "managed_policy_arns": [],
            "max_session_duration": 3600,
            "name": "myReadRole",
            "name_prefix": "",
            "path": "/",
            "permissions_boundary": null,
            "tags": {},
            "tags_all": {},
            "unique_id": "AROAZTCYRS3Y2MTW6CUGQ"
          },
          "sensitive_attributes": [],
          "private": "bnVsbA=="
        }
      ]
    },
    {
      "mode": "managed",
      "type": "aws_iam_role_policy",
      "name": "read_policy",
      "provider": "provider[\"registry.terraform.io/hashicorp/aws\"]",
      "instances": [
        {
          "schema_version": 0,
          "attributes": {
            "id": "myReadRole:lambda_read_policy",
            "name": "lambda_read_policy",
            "name_prefix": null,
            "policy": "{\n  \"Version\": \"2012-10-17\",\n  \"Statement\": [\n      {\n          \"Action\": [\n              \"application-autoscaling:DescribeScalableTargets\",\n              \"application-autoscaling:DescribeScalingActivities\",\n              \"application-autoscaling:DescribeScalingPolicies\",\n              \"cloudwatch:DescribeAlarmHistory\",\n              \"cloudwatch:DescribeAlarms\",\n              \"cloudwatch:DescribeAlarmsForMetric\",\n              \"cloudwatch:GetMetricStatistics\",\n              \"cloudwatch:ListMetrics\",\n              \"cloudwatch:GetMetricData\",\n              \"datapipeline:DescribeObjects\",\n              \"datapipeline:DescribePipelines\",\n              \"datapipeline:GetPipelineDefinition\",\n              \"datapipeline:ListPipelines\",\n              \"datapipeline:QueryObjects\",\n              \"dynamodb:BatchGetItem\",\n              \"dynamodb:Describe*\",\n              \"dynamodb:List*\",\n              \"dynamodb:GetItem\",\n              \"dynamodb:Query\",\n              \"dynamodb:Scan\",\n              \"dynamodb:PartiQLSelect\",\n              \"dax:Describe*\",\n              \"dax:List*\",\n              \"dax:GetItem\",\n              \"dax:BatchGetItem\",\n              \"dax:Query\",\n              \"dax:Scan\",\n              \"ec2:DescribeVpcs\",\n              \"ec2:DescribeSubnets\",\n              \"ec2:DescribeSecurityGroups\",\n              \"iam:GetRole\",\n              \"iam:ListRoles\",\n              \"kms:DescribeKey\",\n              \"kms:ListAliases\",\n              \"sns:ListSubscriptionsByTopic\",\n              \"sns:ListTopics\",\n              \"lambda:ListFunctions\",\n              \"lambda:ListEventSourceMappings\",\n              \"lambda:GetFunctionConfiguration\",\n              \"resource-groups:ListGroups\",\n              \"resource-groups:ListGroupResources\",\n              \"resource-groups:GetGroup\",\n              \"resource-groups:GetGroupQuery\",\n              \"tag:GetResources\",\n              \"kinesis:ListStreams\",\n              \"kinesis:DescribeStream\",\n              \"kinesis:DescribeStreamSummary\"\n          ],\n          \"Effect\": \"Allow\",\n          \"Resource\": \"*\"\n      },\n      {\n          \"Action\": \"cloudwatch:GetInsightRuleReport\",\n          \"Effect\": \"Allow\",\n          \"Resource\": \"arn:aws:cloudwatch:*:*:insight-rule/DynamoDBContributorInsights*\"\n      }\n  ]\n}",
            "role": "myReadRole"
          },
          "sensitive_attributes": [],
          "private": "bnVsbA==",
          "dependencies": [
            "aws_iam_role.readRole"
          ]
        }
      ]
    },
    {
      "mode": "managed",
      "type": "aws_lambda_function",
      "name": "lambda_function",
      "provider": "provider[\"registry.terraform.io/hashicorp/aws\"]",
      "instances": [
        {
          "schema_version": 0,
          "attributes": {
            "architectures": [
              "x86_64"
            ],
            "arn": "arn:aws:lambda:us-east-1:659463182065:function:lambda_function",
            "code_signing_config_arn": "",
            "dead_letter_config": [],
            "description": "reading data from dynamobd table",
            "environment": [],
            "file_system_config": [],
            "filename": "lambda_function_payload.zip",
            "function_name": "lambda_function",
            "handler": "lambda_function.lambda_handler",
            "id": "lambda_function",
            "image_config": [],
            "image_uri": "",
            "invoke_arn": "arn:aws:apigateway:us-east-1:lambda:path/2015-03-31/functions/arn:aws:lambda:us-east-1:659463182065:function:lambda_function/invocations",
            "kms_key_arn": "",
            "last_modified": "2022-03-12T19:58:36.483+0000",
            "layers": [],
            "memory_size": 128,
            "package_type": "Zip",
            "publish": false,
            "qualified_arn": "arn:aws:lambda:us-east-1:659463182065:function:lambda_function:$LATEST",
            "reserved_concurrent_executions": -1,
            "role": "arn:aws:iam::659463182065:role/myReadRole",
            "runtime": "python3.7",
            "s3_bucket": null,
            "s3_key": null,
            "s3_object_version": null,
            "signing_job_arn": "",
            "signing_profile_version_arn": "",
            "source_code_hash": "dsb3xvYo04Jm6ttO3C0+QpG7SyhVWY3yGtjj6ReUiE0=",
            "source_code_size": 370,
            "tags": {},
            "tags_all": {},
            "timeout": 3,
            "timeouts": null,
            "tracing_config": [
              {
                "mode": "PassThrough"
              }
            ],
            "version": "$LATEST",
            "vpc_config": []
          },
          "sensitive_attributes": [],
          "private": "eyJlMmJmYjczMC1lY2FhLTExZTYtOGY4OC0zNDM2M2JjN2M0YzAiOnsiY3JlYXRlIjo2MDAwMDAwMDAwMDB9fQ==",
          "dependencies": [
            "aws_iam_role.readRole"
          ]
        }
      ]
    },
    {
      "mode": "managed",
      "type": "aws_lambda_permission",
      "name": "readPermission",
      "provider": "provider[\"registry.terraform.io/hashicorp/aws\"]",
      "instances": [
        {
          "schema_version": 0,
          "attributes": {
            "action": "lambda:InvokeFunction",
            "event_source_token": null,
            "function_name": "lambda_function",
            "id": "AllowAPIGatewayInvoke",
            "principal": "apigateway.amazonaws.com",
            "qualifier": "",
            "source_account": null,
            "source_arn": "arn:aws:execute-api:us-east-1:659463182065:rrm2mfpdla/*/*/*",
            "statement_id": "AllowAPIGatewayInvoke",
            "statement_id_prefix": null
          },
          "sensitive_attributes": [],
          "private": "bnVsbA==",
          "dependencies": [
            "aws_api_gateway_rest_api.apiLambda",
            "aws_iam_role.readRole",
            "aws_lambda_function.lambda_function"
          ]
        }
      ]
    }
  ]
}
